// !$*UTF8*$!
{
	archiveVersion = 1;
	classes = {
	};
	objectVersion = 51;
	objects = {

/* Begin PBXBuildFile section */
		0063A31FC24880D8B84B38639949294D /* AnimatableExt.swift in Sources */ = {isa = PBXBuildFile; fileRef = 2DAD001BF79DAC5AC038D198E09C168B /* AnimatableExt.swift */; };
		05EAE5858835B067CCED2A21885EB0CB /* Localizable.strings in Resources */ = {isa = PBXBuildFile; fileRef = C34F2F9DD900D289F114DA2DD0293D91 /* Localizable.strings */; };
		06438354AD1632DD93B979C4FA5E0714 /* CustomTVViewController.swift in Sources */ = {isa = PBXBuildFile; fileRef = 6C1A02CA2B71FAA684F53F969FD874B8 /* CustomTVViewController.swift */; };
		07CDD0BDC9AC1362F272BFC01A6DA4FF /* TaskManager.swift in Sources */ = {isa = PBXBuildFile; fileRef = 67BE71CD6CF0D297B725764EF76004A5 /* TaskManager.swift */; };
		0B3B2D57925663DD327085C4CCEEA2B8 /* CustomAlertViewController.swift in Sources */ = {isa = PBXBuildFile; fileRef = E6A2EECE2F14C42184775CED9D57369A /* CustomAlertViewController.swift */; };
		0ED6BD742A61911FC7782840568437F9 /* OngoingTaskTableViewCell.xib in Resources */ = {isa = PBXBuildFile; fileRef = 9E944DD7946EBD7BCFFC82112503AA55 /* OngoingTaskTableViewCell.xib */; };
		114D30360119DA71E0D2668854970EC7 /* AuthenticationViewModel.swift in Sources */ = {isa = PBXBuildFile; fileRef = 66860FB63222CE2A86C2572CD6185B20 /* AuthenticationViewModel.swift */; };
		19168105B821E5C4952F07F231082AB7 /* CustomTVViewController.xib in Resources */ = {isa = PBXBuildFile; fileRef = 1113E3A4F25FBC3BF935B05FBC05A432 /* CustomTVViewController.xib */; };
		1A881C8303262778A0563E65E116A0E1 /* TasksViewController.swift in Sources */ = {isa = PBXBuildFile; fileRef = 3FDB48C397816DD0B6F64D8094C4F998 /* TasksViewController.swift */; };
		22296F4C3E89F07CE473E2ECA2E53411 /* Taskable.swift in Sources */ = {isa = PBXBuildFile; fileRef = 6ECEC72E9BAD3451F30602E1D6370ABD /* Taskable.swift */; };
		2A5C5D89C181CBB2E630BEF593A62BC2 /* UpdatesTracker.swift in Sources */ = {isa = PBXBuildFile; fileRef = 6E205FA68F3F446192E23918F81B1512 /* UpdatesTracker.swift */; };
		2B47A4E5F4C3DE489521D361F12B4859 /* Constant.swift in Sources */ = {isa = PBXBuildFile; fileRef = 7D75171CECDDF7B9A677703497A846D3 /* Constant.swift */; };
		2E7574E53A9BFD98186C6C4B5B811A90 /* OnboardingViewController.swift in Sources */ = {isa = PBXBuildFile; fileRef = FFF63AF0FCBC6FC77EA9053EC2F53B76 /* OnboardingViewController.swift */; };
		33B4A436AACC56AF27DC53741E0D7F13 /* AppInfoViewController.xib in Resources */ = {isa = PBXBuildFile; fileRef = B23B9522A9FB115F9CF76D76BA69250F /* AppInfoViewController.xib */; };
		37B0851EE0ACD2AD9192FCE12ACBC570 /* GoogleService-Info.plist in Resources */ = {isa = PBXBuildFile; fileRef = D924816919B03B8516BA876DEA1E4534 /* GoogleService-Info.plist */; };
		3E1CE037CDC5453ABC7C72A5E07A47AA /* ResetPasswordViewController.xib in Resources */ = {isa = PBXBuildFile; fileRef = 5E09EDEED92EC5B5FF5B1F03A2EBE7D5 /* ResetPasswordViewController.xib */; };
		3F0399E693DD99F80AC34B754457FDC9 /* Assets.xcassets in Resources */ = {isa = PBXBuildFile; fileRef = 7E19BA7E0E4AA10F9133B8BE0447254C /* Assets.xcassets */; };
		4250303DB9F5D1583B0108CF0030B681 /* DatabaseManager.swift in Sources */ = {isa = PBXBuildFile; fileRef = 7ECD45FD52FA9F84D3B8E04F901A2C16 /* DatabaseManager.swift */; };
		42AE5890E9FB0699262375653AE706FD /* DoneTaskTableViewCell.swift in Sources */ = {isa = PBXBuildFile; fileRef = 3370E8C9A5249C1D37A3243E48C3A4D5 /* DoneTaskTableViewCell.swift */; };
		4AB3634579884CE1AEB04BE7F12CC0AF /* Ext+String.swift in Sources */ = {isa = PBXBuildFile; fileRef = 904B5BA56E978B1908B7A4BFCDAB3841 /* Ext+String.swift */; };
		4F2E8239610DF044E1A04E479F6BF766 /* LottieLoadingAnimationViewController.swift in Sources */ = {isa = PBXBuildFile; fileRef = 0BA03CF630C88E0BC17F6D304EE522ED /* LottieLoadingAnimationViewController.swift */; };
		4F9521B0496C5B0A05E9EDC720AD1B9F /* SwapTaskViewController.swift in Sources */ = {isa = PBXBuildFile; fileRef = 2CD074C9A23EB8F6A04F87A1625757A3 /* SwapTaskViewController.swift */; };
		5646FFA46A210192DF067F43B6021758 /* Main.storyboard in Resources */ = {isa = PBXBuildFile; fileRef = 3C1FEB7C9210509D10BC2AC862DC7A9D /* Main.storyboard */; };
		5B76CBF98BFC54DEF905D1BB963C5250 /* Podfile in Resources */ = {isa = PBXBuildFile; fileRef = D5330A5D2FF5D4BE5F24FE8CE8A7247B /* Podfile */; };
		5FCC7C07CDFD365A43D688521825ADA8 /* OnboardingViewModel.swift in Sources */ = {isa = PBXBuildFile; fileRef = 92480C4B4427450707C6D8D4EFDDB669 /* OnboardingViewModel.swift */; };
		63FB93E25019C992D82159770CBB0B70 /* SignUpViewController.xib in Resources */ = {isa = PBXBuildFile; fileRef = FDEF18ED09B03EB0A3F890BCE0E6404D /* SignUpViewController.xib */; };
		753B952500C69277CE52FECFF6CC17E1 /* LoginViewController.xib in Resources */ = {isa = PBXBuildFile; fileRef = 4AD00A46621C1FB03BF865EFDFE96155 /* LoginViewController.xib */; };
		781BA5FF512B33A8420555068EC1144A /* ResetPasswordViewController.swift in Sources */ = {isa = PBXBuildFile; fileRef = 92766268739198EC98469CAB9D8D38C4 /* ResetPasswordViewController.swift */; };
		7B90BC457C0E897A5552258C54433CD2 /* Ext+UIAlertController.swift in Sources */ = {isa = PBXBuildFile; fileRef = 1D956E36DD064C817037B051E27A5544 /* Ext+UIAlertController.swift */; };
		7CB9CFF1465E48F9D16ED7EB3C0F1582 /* Pods_LittleThings.framework in Frameworks */ = {isa = PBXBuildFile; fileRef = 29BF5690C72857759689B64203819FE0 /* Pods_LittleThings.framework */; };
		7DA41D5DC70E8E89E9FA769CC0CD8D54 /* Ext+UIViewController.swift in Sources */ = {isa = PBXBuildFile; fileRef = 28DEB36A987A89260333ADA1074CA118 /* Ext+UIViewController.swift */; };
		8120223406A03D8D2A6F7ADB9C1C54B0 /* MenuSection.swift in Sources */ = {isa = PBXBuildFile; fileRef = 922715E80626AFB31927C52E0654D259 /* MenuSection.swift */; };
		833EBE24E3F0D83F113B8DDEC21F11A9 /* LoginViewController.swift in Sources */ = {isa = PBXBuildFile; fileRef = 3179F6683898BEA5FBF4ECA28BBC495C /* LoginViewController.swift */; };
		86CE91CF6E2F3D0777B3DC5E7401B255 /* SettingsViewController.xib in Resources */ = {isa = PBXBuildFile; fileRef = 9B811F4563436AAF561A36DCAD6DB90C /* SettingsViewController.xib */; };
		87EF1DF95C587D0D40AF10026011A8DA /* User.swift in Sources */ = {isa = PBXBuildFile; fileRef = 692C252AB51F1FAD42F8489CBDE07DA8 /* User.swift */; };
		88C3E5106B1E744A44132FC5B8DD273D /* SettingsOption.swift in Sources */ = {isa = PBXBuildFile; fileRef = 4E6B70E33A1CE6785ECF551626ECE501 /* SettingsOption.swift */; };
		8C93329E59EBA24D5D0F277D397F6171 /* notepad.json in Resources */ = {isa = PBXBuildFile; fileRef = CDD2AF2922781EC95A5C1FE801FA518E /* notepad.json */; };
		8EA814B7E69FABB285E22F260D70755B /* AddNewTaskViewController.swift in Sources */ = {isa = PBXBuildFile; fileRef = 482DBB6C4FA9127FC4D220172A058E1E /* AddNewTaskViewController.swift */; };
		97408D01D025AA3A893F9BFD5A27F58C /* NotificationsManager.swift in Sources */ = {isa = PBXBuildFile; fileRef = 47604717F76F3EECD0F5E72E720FCF24 /* NotificationsManager.swift */; };
		983D2FD424429AD16D0401CB27641BF3 /* TasksViewController.xib in Resources */ = {isa = PBXBuildFile; fileRef = EF34D6ABB8773A446D742B43F71057D6 /* TasksViewController.xib */; };
		994D70FEE1336034041E83030DEBDC43 /* TaskType.swift in Sources */ = {isa = PBXBuildFile; fileRef = D575646B44C03FFCD1D03E3D1E38F2F8 /* TaskType.swift */; };
		A3A216BFBFF0CF06CBDE8E97AD0C8007 /* AuthMainViewController.swift in Sources */ = {isa = PBXBuildFile; fileRef = 00CC8718C77E2CF75339ABEF7CBF0916 /* AuthMainViewController.swift */; };
		A77BDE9325BFD85F00F95C84 /* rainbow@3x.png in Resources */ = {isa = PBXBuildFile; fileRef = A77BDE9225BFD85F00F95C84 /* rainbow@3x.png */; };
		A77BDE9725BFD88C00F95C84 /* rainbow@1x.png in Resources */ = {isa = PBXBuildFile; fileRef = A77BDE9625BFD88C00F95C84 /* rainbow@1x.png */; };
		A77BDE9A25BFD8A000F95C84 /* rainbow@2x.png in Resources */ = {isa = PBXBuildFile; fileRef = A77BDE9925BFD8A000F95C84 /* rainbow@2x.png */; };
		A77CE26D25BE50D400E5AA9D /* Quote.swift in Sources */ = {isa = PBXBuildFile; fileRef = A77CE26C25BE50D400E5AA9D /* Quote.swift */; };
		A78A72DD25C098C60096F88D /* AppIconManager.swift in Sources */ = {isa = PBXBuildFile; fileRef = A78A72DC25C098C60096F88D /* AppIconManager.swift */; };
		A78A72F025C0ADAE0096F88D /* blackCheck@1x.png in Resources */ = {isa = PBXBuildFile; fileRef = A78A72ED25C0ADAD0096F88D /* blackCheck@1x.png */; };
		A78A72F125C0ADAE0096F88D /* blackCheck@2x.png in Resources */ = {isa = PBXBuildFile; fileRef = A78A72EE25C0ADAE0096F88D /* blackCheck@2x.png */; };
		A78A72F225C0ADAE0096F88D /* blackCheck@3x.png in Resources */ = {isa = PBXBuildFile; fileRef = A78A72EF25C0ADAE0096F88D /* blackCheck@3x.png */; };
		A78A72F825C0AE270096F88D /* rainbowHeart@2x.png in Resources */ = {isa = PBXBuildFile; fileRef = A78A72F525C0AE260096F88D /* rainbowHeart@2x.png */; };
		A78A72F925C0AE270096F88D /* rainbowHeart@3x.png in Resources */ = {isa = PBXBuildFile; fileRef = A78A72F625C0AE260096F88D /* rainbowHeart@3x.png */; };
		A78A72FA25C0AE270096F88D /* rainbowHeart@1x.png in Resources */ = {isa = PBXBuildFile; fileRef = A78A72F725C0AE270096F88D /* rainbowHeart@1x.png */; };
		A78A730025C0AEA60096F88D /* bw@2x.png in Resources */ = {isa = PBXBuildFile; fileRef = A78A72FD25C0AEA50096F88D /* bw@2x.png */; };
		A78A730125C0AEA60096F88D /* bw@1x.png in Resources */ = {isa = PBXBuildFile; fileRef = A78A72FE25C0AEA50096F88D /* bw@1x.png */; };
		A78A730225C0AEA60096F88D /* bw@3x.png in Resources */ = {isa = PBXBuildFile; fileRef = A78A72FF25C0AEA60096F88D /* bw@3x.png */; };
		A78A730625C0B3F20096F88D /* cny@2x.png in Resources */ = {isa = PBXBuildFile; fileRef = A78A730525C0B3F20096F88D /* cny@2x.png */; };
		A78A730B25C0B4060096F88D /* cny@3x.png in Resources */ = {isa = PBXBuildFile; fileRef = A78A730A25C0B4060096F88D /* cny@3x.png */; };
		A78A730F25C124970096F88D /* StoreKit.framework in Frameworks */ = {isa = PBXBuildFile; fileRef = A78A730E25C124970096F88D /* StoreKit.framework */; };
		A7B6781F25E4556A00B69BEB /* PurchaseManager.swift in Sources */ = {isa = PBXBuildFile; fileRef = A7B6781E25E4556A00B69BEB /* PurchaseManager.swift */; };
		A7B6782225E4583700B69BEB /* IAPProduct.swift in Sources */ = {isa = PBXBuildFile; fileRef = A7B6782125E4583700B69BEB /* IAPProduct.swift */; };
		A7C3B36925D2467100D0D1B4 /* Ext+UserDefaults.swift in Sources */ = {isa = PBXBuildFile; fileRef = A7C3B36825D2467100D0D1B4 /* Ext+UserDefaults.swift */; };
		ABBACFEFC73833C2E81A412E5B73D855 /* AboutUSViewController.xib in Resources */ = {isa = PBXBuildFile; fileRef = D12C71947A07EC17B515292F25AF3EC8 /* AboutUSViewController.xib */; };
		AC2431D3AEA617788F553CCF9E973CC6 /* SettingsViewController.swift in Sources */ = {isa = PBXBuildFile; fileRef = 10C83E81FEA89B999E1C11809FD30DD7 /* SettingsViewController.swift */; };
		ACA53A537373B1A38964B29A63DB07F2 /* Ext+CATransition.swift in Sources */ = {isa = PBXBuildFile; fileRef = 4C781E6AF1E8F1E345BBF90687BA19CF /* Ext+CATransition.swift */; };
		B07CA68EFF452B7FCF1A5B47C27AC457 /* Ext+UITableView.swift in Sources */ = {isa = PBXBuildFile; fileRef = 22ABEEDC49BB44DF66FA542272D51B95 /* Ext+UITableView.swift */; };
		B85FC1791307541708597EDE52EDD42E /* AppDelegate.swift in Sources */ = {isa = PBXBuildFile; fileRef = 38702047185B75B2481D6D0CC744EEF0 /* AppDelegate.swift */; };
		BC6F882B63D62AD572AD0C934A2614FB /* Ext+Date.swift in Sources */ = {isa = PBXBuildFile; fileRef = CF475F214E49D444B514823D03F78942 /* Ext+Date.swift */; };
		BCAF1A0247BD145923EE3798F1BD6DAA /* LaunchScreen.storyboard in Resources */ = {isa = PBXBuildFile; fileRef = D55A8C5607D4C007D3B91CAED333D226 /* LaunchScreen.storyboard */; };
		C2AF712050EC0F998CFA11213F1213C0 /* AuthManager.swift in Sources */ = {isa = PBXBuildFile; fileRef = 9AE02761824380CB6A696EBC30F7B41C /* AuthManager.swift */; };
		CE1D3A7657A2E7B8F27E7637761C1F64 /* CustomAlertViewController.xib in Resources */ = {isa = PBXBuildFile; fileRef = DF6AADA8C82FF4F886211D6A4085799E /* CustomAlertViewController.xib */; };
		D03981F35EBD0E9C741E1E6F529331CC /* Ext+UIView.swift in Sources */ = {isa = PBXBuildFile; fileRef = 8B4A216898C2B2F9414946219A1B0022 /* Ext+UIView.swift */; };
		D1842E947C3B1413BD499D4B1D3A6F92 /* DoneTaskTableViewCell.xib in Resources */ = {isa = PBXBuildFile; fileRef = ED2EEAEF9BF1E5F08BC39FE53D9D9D78 /* DoneTaskTableViewCell.xib */; };
		D52A7384E82636A14D0A48DAD85D9F1E /* SignUpViewController.swift in Sources */ = {isa = PBXBuildFile; fileRef = B855AE6EF1E7EFFF5D69AAEFD87B782E /* SignUpViewController.swift */; };
		E22A2A7A7A6EFF8BC8BE4E40B68EEC67 /* Task.swift in Sources */ = {isa = PBXBuildFile; fileRef = 83C2943BA0AC531FCD22A7100DBBFB1F /* Task.swift */; };
		E8902B52C81563616D0F98ADC7BB65A9 /* AppInfoViewController.swift in Sources */ = {isa = PBXBuildFile; fileRef = 02B38534A891BD09070C5CD811ABE016 /* AppInfoViewController.swift */; };
		EAF4DF69252369890B8A872867BF8E3A /* SwapTaskViewController.xib in Resources */ = {isa = PBXBuildFile; fileRef = 4D2E94E4AF08E6E60C5A2F5D9ECB14B5 /* SwapTaskViewController.xib */; };
		EBC4ACA5B958AF381E2B5F3C9D89BA0A /* LottieLoadingAnimationViewController.xib in Resources */ = {isa = PBXBuildFile; fileRef = 773B8139F7C0D6E4C8C33DFEE9DF3185 /* LottieLoadingAnimationViewController.xib */; };
		EE91C355D858E1CE825B80483230B692 /* OngoingTaskTableViewCell.swift in Sources */ = {isa = PBXBuildFile; fileRef = 4CAB7FA9A368C065029BE298C65D1699 /* OngoingTaskTableViewCell.swift */; };
		EF168208BCE89336FBEBDDD011A17C04 /* DataSource.swift in Sources */ = {isa = PBXBuildFile; fileRef = BD6687F32C2A6311B2DC877C9656BD47 /* DataSource.swift */; };
		F2FDC5E6E63234FB4F8D6402C9BC4120 /* AboutUSViewController.swift in Sources */ = {isa = PBXBuildFile; fileRef = E5F23834F78885919D820BD9198F854F /* AboutUSViewController.swift */; };
		FE664C5054E6107E3CA9178E8107CE2C /* AddNewTaskViewController.xib in Resources */ = {isa = PBXBuildFile; fileRef = 955480E7C3362700707D5C89B2CD0BE7 /* AddNewTaskViewController.xib */; };
		FE7524478A3335F2EBD8C86C6B410DF5 /* AuthMainViewController.xib in Resources */ = {isa = PBXBuildFile; fileRef = 765352E411B7D2AFA207F3298B21210A /* AuthMainViewController.xib */; };
/* End PBXBuildFile section */

/* Begin PBXCopyFilesBuildPhase section */
		A77BDD9325BF509200F95C84 /* Embed App Extensions */ = {
			isa = PBXCopyFilesBuildPhase;
			buildActionMask = 2147483647;
			dstPath = "";
			dstSubfolderSpec = 13;
			files = (
			);
			name = "Embed App Extensions";
			runOnlyForDeploymentPostprocessing = 0;
		};
/* End PBXCopyFilesBuildPhase section */

/* Begin PBXFileReference section */
		00CC8718C77E2CF75339ABEF7CBF0916 /* AuthMainViewController.swift */ = {isa = PBXFileReference; lastKnownFileType = sourcecode.swift; path = AuthMainViewController.swift; sourceTree = "<group>"; };
		02B38534A891BD09070C5CD811ABE016 /* AppInfoViewController.swift */ = {isa = PBXFileReference; lastKnownFileType = sourcecode.swift; path = AppInfoViewController.swift; sourceTree = "<group>"; };
		0BA03CF630C88E0BC17F6D304EE522ED /* LottieLoadingAnimationViewController.swift */ = {isa = PBXFileReference; lastKnownFileType = sourcecode.swift; path = LottieLoadingAnimationViewController.swift; sourceTree = "<group>"; };
		10C83E81FEA89B999E1C11809FD30DD7 /* SettingsViewController.swift */ = {isa = PBXFileReference; lastKnownFileType = sourcecode.swift; path = SettingsViewController.swift; sourceTree = "<group>"; };
		1113E3A4F25FBC3BF935B05FBC05A432 /* CustomTVViewController.xib */ = {isa = PBXFileReference; lastKnownFileType = file.xib; path = CustomTVViewController.xib; sourceTree = "<group>"; };
		1D956E36DD064C817037B051E27A5544 /* Ext+UIAlertController.swift */ = {isa = PBXFileReference; lastKnownFileType = sourcecode.swift; path = "Ext+UIAlertController.swift"; sourceTree = "<group>"; };
		22ABEEDC49BB44DF66FA542272D51B95 /* Ext+UITableView.swift */ = {isa = PBXFileReference; lastKnownFileType = sourcecode.swift; path = "Ext+UITableView.swift"; sourceTree = "<group>"; };
		28DEB36A987A89260333ADA1074CA118 /* Ext+UIViewController.swift */ = {isa = PBXFileReference; lastKnownFileType = sourcecode.swift; path = "Ext+UIViewController.swift"; sourceTree = "<group>"; };
		29BF5690C72857759689B64203819FE0 /* Pods_LittleThings.framework */ = {isa = PBXFileReference; explicitFileType = wrapper.framework; includeInIndex = 0; path = Pods_LittleThings.framework; sourceTree = BUILT_PRODUCTS_DIR; };
		29DCAEF0D9E47F95567D4ABE0F283F66 /* LittleThings.entitlements */ = {isa = PBXFileReference; lastKnownFileType = text.plist.entitlements; path = LittleThings.entitlements; sourceTree = "<group>"; };
		29F50608F799CA8B1DF933269AD8DDF5 /* es-419 */ = {isa = PBXFileReference; lastKnownFileType = text.plist.strings; name = "es-419"; path = "es-419.lproj/Localizable.strings"; sourceTree = "<group>"; };
		2CD074C9A23EB8F6A04F87A1625757A3 /* SwapTaskViewController.swift */ = {isa = PBXFileReference; lastKnownFileType = sourcecode.swift; path = SwapTaskViewController.swift; sourceTree = "<group>"; };
		2DAD001BF79DAC5AC038D198E09C168B /* AnimatableExt.swift */ = {isa = PBXFileReference; lastKnownFileType = sourcecode.swift; path = AnimatableExt.swift; sourceTree = "<group>"; };
		3179F6683898BEA5FBF4ECA28BBC495C /* LoginViewController.swift */ = {isa = PBXFileReference; lastKnownFileType = sourcecode.swift; path = LoginViewController.swift; sourceTree = "<group>"; };
		3370E8C9A5249C1D37A3243E48C3A4D5 /* DoneTaskTableViewCell.swift */ = {isa = PBXFileReference; lastKnownFileType = sourcecode.swift; path = DoneTaskTableViewCell.swift; sourceTree = "<group>"; };
		353DBC7C8D8FF3F9A81F821F743DCC4B /* Base */ = {isa = PBXFileReference; lastKnownFileType = file.storyboard; name = Base; path = Base.lproj/LaunchScreen.storyboard; sourceTree = "<group>"; };
		38702047185B75B2481D6D0CC744EEF0 /* AppDelegate.swift */ = {isa = PBXFileReference; lastKnownFileType = sourcecode.swift; path = AppDelegate.swift; sourceTree = "<group>"; };
		3FDB48C397816DD0B6F64D8094C4F998 /* TasksViewController.swift */ = {isa = PBXFileReference; lastKnownFileType = sourcecode.swift; path = TasksViewController.swift; sourceTree = "<group>"; };
		40417B66C4BCEEB2D970C0CF24397A2F /* Base */ = {isa = PBXFileReference; lastKnownFileType = file.storyboard; name = Base; path = Base.lproj/Main.storyboard; sourceTree = "<group>"; };
		47604717F76F3EECD0F5E72E720FCF24 /* NotificationsManager.swift */ = {isa = PBXFileReference; lastKnownFileType = sourcecode.swift; path = NotificationsManager.swift; sourceTree = "<group>"; };
		482DBB6C4FA9127FC4D220172A058E1E /* AddNewTaskViewController.swift */ = {isa = PBXFileReference; lastKnownFileType = sourcecode.swift; path = AddNewTaskViewController.swift; sourceTree = "<group>"; };
		4AD00A46621C1FB03BF865EFDFE96155 /* LoginViewController.xib */ = {isa = PBXFileReference; lastKnownFileType = file.xib; path = LoginViewController.xib; sourceTree = "<group>"; };
		4BE777B35900155371B73D1313E6F608 /* es-419 */ = {isa = PBXFileReference; lastKnownFileType = text.plist.strings; name = "es-419"; path = "es-419.lproj/LaunchScreen.strings"; sourceTree = "<group>"; };
		4C781E6AF1E8F1E345BBF90687BA19CF /* Ext+CATransition.swift */ = {isa = PBXFileReference; lastKnownFileType = sourcecode.swift; path = "Ext+CATransition.swift"; sourceTree = "<group>"; };
		4CAB7FA9A368C065029BE298C65D1699 /* OngoingTaskTableViewCell.swift */ = {isa = PBXFileReference; lastKnownFileType = sourcecode.swift; path = OngoingTaskTableViewCell.swift; sourceTree = "<group>"; };
		4D2E94E4AF08E6E60C5A2F5D9ECB14B5 /* SwapTaskViewController.xib */ = {isa = PBXFileReference; lastKnownFileType = file.xib; path = SwapTaskViewController.xib; sourceTree = "<group>"; };
		4E6B70E33A1CE6785ECF551626ECE501 /* SettingsOption.swift */ = {isa = PBXFileReference; lastKnownFileType = sourcecode.swift; path = SettingsOption.swift; sourceTree = "<group>"; };
		5E09EDEED92EC5B5FF5B1F03A2EBE7D5 /* ResetPasswordViewController.xib */ = {isa = PBXFileReference; lastKnownFileType = file.xib; path = ResetPasswordViewController.xib; sourceTree = "<group>"; };
		66860FB63222CE2A86C2572CD6185B20 /* AuthenticationViewModel.swift */ = {isa = PBXFileReference; lastKnownFileType = sourcecode.swift; path = AuthenticationViewModel.swift; sourceTree = "<group>"; };
		67BE71CD6CF0D297B725764EF76004A5 /* TaskManager.swift */ = {isa = PBXFileReference; lastKnownFileType = sourcecode.swift; path = TaskManager.swift; sourceTree = "<group>"; };
		692C252AB51F1FAD42F8489CBDE07DA8 /* User.swift */ = {isa = PBXFileReference; lastKnownFileType = sourcecode.swift; path = User.swift; sourceTree = "<group>"; };
		6C1A02CA2B71FAA684F53F969FD874B8 /* CustomTVViewController.swift */ = {isa = PBXFileReference; lastKnownFileType = sourcecode.swift; path = CustomTVViewController.swift; sourceTree = "<group>"; };
		6E205FA68F3F446192E23918F81B1512 /* UpdatesTracker.swift */ = {isa = PBXFileReference; lastKnownFileType = sourcecode.swift; path = UpdatesTracker.swift; sourceTree = "<group>"; };
		6ECEC72E9BAD3451F30602E1D6370ABD /* Taskable.swift */ = {isa = PBXFileReference; lastKnownFileType = sourcecode.swift; path = Taskable.swift; sourceTree = "<group>"; };
		765352E411B7D2AFA207F3298B21210A /* AuthMainViewController.xib */ = {isa = PBXFileReference; lastKnownFileType = file.xib; path = AuthMainViewController.xib; sourceTree = "<group>"; };
		773B8139F7C0D6E4C8C33DFEE9DF3185 /* LottieLoadingAnimationViewController.xib */ = {isa = PBXFileReference; lastKnownFileType = file.xib; path = LottieLoadingAnimationViewController.xib; sourceTree = "<group>"; };
		7D75171CECDDF7B9A677703497A846D3 /* Constant.swift */ = {isa = PBXFileReference; lastKnownFileType = sourcecode.swift; path = Constant.swift; sourceTree = "<group>"; };
		7E19BA7E0E4AA10F9133B8BE0447254C /* Assets.xcassets */ = {isa = PBXFileReference; lastKnownFileType = folder.assetcatalog; path = Assets.xcassets; sourceTree = "<group>"; };
		7ECD45FD52FA9F84D3B8E04F901A2C16 /* DatabaseManager.swift */ = {isa = PBXFileReference; lastKnownFileType = sourcecode.swift; path = DatabaseManager.swift; sourceTree = "<group>"; };
		83C2943BA0AC531FCD22A7100DBBFB1F /* Task.swift */ = {isa = PBXFileReference; lastKnownFileType = sourcecode.swift; path = Task.swift; sourceTree = "<group>"; };
		8B4A216898C2B2F9414946219A1B0022 /* Ext+UIView.swift */ = {isa = PBXFileReference; fileEncoding = 4; lastKnownFileType = sourcecode.swift; path = "Ext+UIView.swift"; sourceTree = "<group>"; };
		904B5BA56E978B1908B7A4BFCDAB3841 /* Ext+String.swift */ = {isa = PBXFileReference; lastKnownFileType = sourcecode.swift; path = "Ext+String.swift"; sourceTree = "<group>"; };
		922715E80626AFB31927C52E0654D259 /* MenuSection.swift */ = {isa = PBXFileReference; lastKnownFileType = sourcecode.swift; path = MenuSection.swift; sourceTree = "<group>"; };
		92480C4B4427450707C6D8D4EFDDB669 /* OnboardingViewModel.swift */ = {isa = PBXFileReference; lastKnownFileType = sourcecode.swift; path = OnboardingViewModel.swift; sourceTree = "<group>"; };
		92766268739198EC98469CAB9D8D38C4 /* ResetPasswordViewController.swift */ = {isa = PBXFileReference; lastKnownFileType = sourcecode.swift; path = ResetPasswordViewController.swift; sourceTree = "<group>"; };
		955480E7C3362700707D5C89B2CD0BE7 /* AddNewTaskViewController.xib */ = {isa = PBXFileReference; lastKnownFileType = file.xib; path = AddNewTaskViewController.xib; sourceTree = "<group>"; };
		9AE02761824380CB6A696EBC30F7B41C /* AuthManager.swift */ = {isa = PBXFileReference; lastKnownFileType = sourcecode.swift; path = AuthManager.swift; sourceTree = "<group>"; };
		9B811F4563436AAF561A36DCAD6DB90C /* SettingsViewController.xib */ = {isa = PBXFileReference; lastKnownFileType = file.xib; path = SettingsViewController.xib; sourceTree = "<group>"; };
		9E944DD7946EBD7BCFFC82112503AA55 /* OngoingTaskTableViewCell.xib */ = {isa = PBXFileReference; lastKnownFileType = file.xib; path = OngoingTaskTableViewCell.xib; sourceTree = "<group>"; };
		A77BDD8325BF509100F95C84 /* WidgetKit.framework */ = {isa = PBXFileReference; lastKnownFileType = wrapper.framework; name = WidgetKit.framework; path = System/Library/Frameworks/WidgetKit.framework; sourceTree = SDKROOT; };
		A77BDD8525BF509100F95C84 /* SwiftUI.framework */ = {isa = PBXFileReference; lastKnownFileType = wrapper.framework; name = SwiftUI.framework; path = System/Library/Frameworks/SwiftUI.framework; sourceTree = SDKROOT; };
		A77BDE9225BFD85F00F95C84 /* rainbow@3x.png */ = {isa = PBXFileReference; lastKnownFileType = image.png; path = "rainbow@3x.png"; sourceTree = "<group>"; };
		A77BDE9625BFD88C00F95C84 /* rainbow@1x.png */ = {isa = PBXFileReference; lastKnownFileType = image.png; path = "rainbow@1x.png"; sourceTree = "<group>"; };
		A77BDE9925BFD8A000F95C84 /* rainbow@2x.png */ = {isa = PBXFileReference; lastKnownFileType = image.png; path = "rainbow@2x.png"; sourceTree = "<group>"; };
		A77CE26C25BE50D400E5AA9D /* Quote.swift */ = {isa = PBXFileReference; lastKnownFileType = sourcecode.swift; path = Quote.swift; sourceTree = "<group>"; };
		A78A72DC25C098C60096F88D /* AppIconManager.swift */ = {isa = PBXFileReference; lastKnownFileType = sourcecode.swift; path = AppIconManager.swift; sourceTree = "<group>"; };
		A78A72ED25C0ADAD0096F88D /* blackCheck@1x.png */ = {isa = PBXFileReference; lastKnownFileType = image.png; path = "blackCheck@1x.png"; sourceTree = "<group>"; };
		A78A72EE25C0ADAE0096F88D /* blackCheck@2x.png */ = {isa = PBXFileReference; lastKnownFileType = image.png; path = "blackCheck@2x.png"; sourceTree = "<group>"; };
		A78A72EF25C0ADAE0096F88D /* blackCheck@3x.png */ = {isa = PBXFileReference; lastKnownFileType = image.png; path = "blackCheck@3x.png"; sourceTree = "<group>"; };
		A78A72F525C0AE260096F88D /* rainbowHeart@2x.png */ = {isa = PBXFileReference; lastKnownFileType = image.png; path = "rainbowHeart@2x.png"; sourceTree = "<group>"; };
		A78A72F625C0AE260096F88D /* rainbowHeart@3x.png */ = {isa = PBXFileReference; lastKnownFileType = image.png; path = "rainbowHeart@3x.png"; sourceTree = "<group>"; };
		A78A72F725C0AE270096F88D /* rainbowHeart@1x.png */ = {isa = PBXFileReference; lastKnownFileType = image.png; path = "rainbowHeart@1x.png"; sourceTree = "<group>"; };
		A78A72FD25C0AEA50096F88D /* bw@2x.png */ = {isa = PBXFileReference; lastKnownFileType = image.png; path = "bw@2x.png"; sourceTree = "<group>"; };
		A78A72FE25C0AEA50096F88D /* bw@1x.png */ = {isa = PBXFileReference; lastKnownFileType = image.png; path = "bw@1x.png"; sourceTree = "<group>"; };
		A78A72FF25C0AEA60096F88D /* bw@3x.png */ = {isa = PBXFileReference; lastKnownFileType = image.png; path = "bw@3x.png"; sourceTree = "<group>"; };
		A78A730525C0B3F20096F88D /* cny@2x.png */ = {isa = PBXFileReference; lastKnownFileType = image.png; path = "cny@2x.png"; sourceTree = "<group>"; };
		A78A730A25C0B4060096F88D /* cny@3x.png */ = {isa = PBXFileReference; lastKnownFileType = image.png; path = "cny@3x.png"; sourceTree = "<group>"; };
		A78A730E25C124970096F88D /* StoreKit.framework */ = {isa = PBXFileReference; lastKnownFileType = wrapper.framework; name = StoreKit.framework; path = System/Library/Frameworks/StoreKit.framework; sourceTree = SDKROOT; };
		A7B6781E25E4556A00B69BEB /* PurchaseManager.swift */ = {isa = PBXFileReference; lastKnownFileType = sourcecode.swift; path = PurchaseManager.swift; sourceTree = "<group>"; };
		A7B6782125E4583700B69BEB /* IAPProduct.swift */ = {isa = PBXFileReference; lastKnownFileType = sourcecode.swift; path = IAPProduct.swift; sourceTree = "<group>"; };
		A7C3B36825D2467100D0D1B4 /* Ext+UserDefaults.swift */ = {isa = PBXFileReference; lastKnownFileType = sourcecode.swift; path = "Ext+UserDefaults.swift"; sourceTree = "<group>"; };
		AB6C31A25B0AFC52CC659D4B4EDFD301 /* Info.plist */ = {isa = PBXFileReference; lastKnownFileType = text.plist.xml; path = Info.plist; sourceTree = "<group>"; };
		AB8404F0305379EA3B170AEC148118DB /* LittleThings.app */ = {isa = PBXFileReference; explicitFileType = wrapper.application; includeInIndex = 0; path = LittleThings.app; sourceTree = BUILT_PRODUCTS_DIR; };
		AC852930655E34D0179B4900A85E9E8B /* es-419 */ = {isa = PBXFileReference; lastKnownFileType = text.plist.strings; name = "es-419"; path = "es-419.lproj/Main.strings"; sourceTree = "<group>"; };
		B23B9522A9FB115F9CF76D76BA69250F /* AppInfoViewController.xib */ = {isa = PBXFileReference; lastKnownFileType = file.xib; path = AppInfoViewController.xib; sourceTree = "<group>"; };
		B855AE6EF1E7EFFF5D69AAEFD87B782E /* SignUpViewController.swift */ = {isa = PBXFileReference; lastKnownFileType = sourcecode.swift; path = SignUpViewController.swift; sourceTree = "<group>"; };
		BD6687F32C2A6311B2DC877C9656BD47 /* DataSource.swift */ = {isa = PBXFileReference; lastKnownFileType = sourcecode.swift; path = DataSource.swift; sourceTree = "<group>"; };
		CDD2AF2922781EC95A5C1FE801FA518E /* notepad.json */ = {isa = PBXFileReference; fileEncoding = 4; lastKnownFileType = text.json; path = notepad.json; sourceTree = "<group>"; };
		CF475F214E49D444B514823D03F78942 /* Ext+Date.swift */ = {isa = PBXFileReference; lastKnownFileType = sourcecode.swift; path = "Ext+Date.swift"; sourceTree = "<group>"; };
		D12C71947A07EC17B515292F25AF3EC8 /* AboutUSViewController.xib */ = {isa = PBXFileReference; lastKnownFileType = file.xib; path = AboutUSViewController.xib; sourceTree = "<group>"; };
		D271BA88870B51F2229C175B5C947E61 /* Pods-LittleThings.release.xcconfig */ = {isa = PBXFileReference; includeInIndex = 1; lastKnownFileType = text.xcconfig; name = "Pods-LittleThings.release.xcconfig"; path = "Target Support Files/Pods-LittleThings/Pods-LittleThings.release.xcconfig"; sourceTree = "<group>"; };
		D5330A5D2FF5D4BE5F24FE8CE8A7247B /* Podfile */ = {isa = PBXFileReference; fileEncoding = 4; lastKnownFileType = text; path = Podfile; sourceTree = SOURCE_ROOT; xcLanguageSpecificationIdentifier = xcode.lang.ruby; };
		D575646B44C03FFCD1D03E3D1E38F2F8 /* TaskType.swift */ = {isa = PBXFileReference; lastKnownFileType = sourcecode.swift; path = TaskType.swift; sourceTree = "<group>"; };
		D924816919B03B8516BA876DEA1E4534 /* GoogleService-Info.plist */ = {isa = PBXFileReference; fileEncoding = 4; lastKnownFileType = text.plist.xml; path = "GoogleService-Info.plist"; sourceTree = "<group>"; };
		DCFE7161D12D4D3BAB3920D2821EB365 /* Pods-LittleThings.debug.xcconfig */ = {isa = PBXFileReference; includeInIndex = 1; lastKnownFileType = text.xcconfig; name = "Pods-LittleThings.debug.xcconfig"; path = "Target Support Files/Pods-LittleThings/Pods-LittleThings.debug.xcconfig"; sourceTree = "<group>"; };
		DF6AADA8C82FF4F886211D6A4085799E /* CustomAlertViewController.xib */ = {isa = PBXFileReference; lastKnownFileType = file.xib; path = CustomAlertViewController.xib; sourceTree = "<group>"; };
		E5F23834F78885919D820BD9198F854F /* AboutUSViewController.swift */ = {isa = PBXFileReference; lastKnownFileType = sourcecode.swift; path = AboutUSViewController.swift; sourceTree = "<group>"; };
		E6A2EECE2F14C42184775CED9D57369A /* CustomAlertViewController.swift */ = {isa = PBXFileReference; lastKnownFileType = sourcecode.swift; path = CustomAlertViewController.swift; sourceTree = "<group>"; };
		ED2EEAEF9BF1E5F08BC39FE53D9D9D78 /* DoneTaskTableViewCell.xib */ = {isa = PBXFileReference; lastKnownFileType = file.xib; path = DoneTaskTableViewCell.xib; sourceTree = "<group>"; };
		EF34D6ABB8773A446D742B43F71057D6 /* TasksViewController.xib */ = {isa = PBXFileReference; lastKnownFileType = file.xib; path = TasksViewController.xib; sourceTree = "<group>"; };
		F3CF23246DEEB59EABEE26FC657027A5 /* en */ = {isa = PBXFileReference; lastKnownFileType = text.plist.strings; name = en; path = en.lproj/Localizable.strings; sourceTree = "<group>"; };
		FDEF18ED09B03EB0A3F890BCE0E6404D /* SignUpViewController.xib */ = {isa = PBXFileReference; lastKnownFileType = file.xib; path = SignUpViewController.xib; sourceTree = "<group>"; };
		FFF63AF0FCBC6FC77EA9053EC2F53B76 /* OnboardingViewController.swift */ = {isa = PBXFileReference; lastKnownFileType = sourcecode.swift; path = OnboardingViewController.swift; sourceTree = "<group>"; };
/* End PBXFileReference section */

/* Begin PBXFrameworksBuildPhase section */
		9B6402B9DA5B2C3843ACB204E2FE2EC5 /* Frameworks */ = {
			isa = PBXFrameworksBuildPhase;
			buildActionMask = 2147483647;
			files = (
				7CB9CFF1465E48F9D16ED7EB3C0F1582 /* Pods_LittleThings.framework in Frameworks */,
				A78A730F25C124970096F88D /* StoreKit.framework in Frameworks */,
			);
			runOnlyForDeploymentPostprocessing = 0;
		};
/* End PBXFrameworksBuildPhase section */

/* Begin PBXGroup section */
		1496E6EC6A8DB85DD58224F7E59D596E /* Utilities */ = {
			isa = PBXGroup;
			children = (
				2DAD001BF79DAC5AC038D198E09C168B /* AnimatableExt.swift */,
				7D75171CECDDF7B9A677703497A846D3 /* Constant.swift */,
			);
			path = Utilities;
			sourceTree = "<group>";
		};
		1C97BF14DEF91560E6DB5766AE5776F4 /* Protocols */ = {
			isa = PBXGroup;
			children = (
				6ECEC72E9BAD3451F30602E1D6370ABD /* Taskable.swift */,
			);
			path = Protocols;
			sourceTree = "<group>";
		};
		27493E9FCF73B539604F2ADD79EB0530 /* Manager */ = {
			isa = PBXGroup;
			children = (
				9AE02761824380CB6A696EBC30F7B41C /* AuthManager.swift */,
				A78A72DC25C098C60096F88D /* AppIconManager.swift */,
				7ECD45FD52FA9F84D3B8E04F901A2C16 /* DatabaseManager.swift */,
				47604717F76F3EECD0F5E72E720FCF24 /* NotificationsManager.swift */,
				67BE71CD6CF0D297B725764EF76004A5 /* TaskManager.swift */,
				A7B6781E25E4556A00B69BEB /* PurchaseManager.swift */,
			);
			path = Manager;
			sourceTree = "<group>";
		};
		280DCAF482B15011F1B48ED497F7C145 /* LittleThings */ = {
			isa = PBXGroup;
			children = (
				A77BDE7B25BFBE2D00F95C84 /* Alt Icons */,
				7FEED97707006BC49C87D693C6A10AC1 /* Controller */,
				3A13FC95AC625DEA4EA39CD55142C2C4 /* Extensions */,
				27493E9FCF73B539604F2ADD79EB0530 /* Manager */,
				C385DC642F9CF677CB907512C7D90B13 /* Model */,
				D5330A5D2FF5D4BE5F24FE8CE8A7247B /* Podfile */,
				1C97BF14DEF91560E6DB5766AE5776F4 /* Protocols */,
				A0F4CDC0D01226D11C24878B6ECD149D /* Support */,
				1496E6EC6A8DB85DD58224F7E59D596E /* Utilities */,
				BF853BF68A4E6A9CFA65D0133A16C50D /* View */,
				AB6C31A25B0AFC52CC659D4B4EDFD301 /* Info.plist */,
				D55A8C5607D4C007D3B91CAED333D226 /* LaunchScreen.storyboard */,
				29DCAEF0D9E47F95567D4ABE0F283F66 /* LittleThings.entitlements */,
				3C1FEB7C9210509D10BC2AC862DC7A9D /* Main.storyboard */,
				6E205FA68F3F446192E23918F81B1512 /* UpdatesTracker.swift */,
			);
			path = LittleThings;
			sourceTree = "<group>";
		};
		3A13FC95AC625DEA4EA39CD55142C2C4 /* Extensions */ = {
			isa = PBXGroup;
			children = (
				4C781E6AF1E8F1E345BBF90687BA19CF /* Ext+CATransition.swift */,
				CF475F214E49D444B514823D03F78942 /* Ext+Date.swift */,
				904B5BA56E978B1908B7A4BFCDAB3841 /* Ext+String.swift */,
				1D956E36DD064C817037B051E27A5544 /* Ext+UIAlertController.swift */,
				8B4A216898C2B2F9414946219A1B0022 /* Ext+UIView.swift */,
				28DEB36A987A89260333ADA1074CA118 /* Ext+UIViewController.swift */,
				22ABEEDC49BB44DF66FA542272D51B95 /* Ext+UITableView.swift */,
				A7C3B36825D2467100D0D1B4 /* Ext+UserDefaults.swift */,
			);
			path = Extensions;
			sourceTree = "<group>";
		};
		3DC09C83AABFC57510F783EDF22FC547 /* Lottie Animations */ = {
			isa = PBXGroup;
			children = (
				CDD2AF2922781EC95A5C1FE801FA518E /* notepad.json */,
			);
			path = "Lottie Animations";
			sourceTree = "<group>";
		};
		5060B6E30EA7F507D8E3A5176658EBBC /* Pods */ = {
			isa = PBXGroup;
			children = (
				DCFE7161D12D4D3BAB3920D2821EB365 /* Pods-LittleThings.debug.xcconfig */,
				D271BA88870B51F2229C175B5C947E61 /* Pods-LittleThings.release.xcconfig */,
			);
			path = Pods;
			sourceTree = "<group>";
		};
		7FEED97707006BC49C87D693C6A10AC1 /* Controller */ = {
			isa = PBXGroup;
			children = (
				E5F23834F78885919D820BD9198F854F /* AboutUSViewController.swift */,
				D12C71947A07EC17B515292F25AF3EC8 /* AboutUSViewController.xib */,
				482DBB6C4FA9127FC4D220172A058E1E /* AddNewTaskViewController.swift */,
				955480E7C3362700707D5C89B2CD0BE7 /* AddNewTaskViewController.xib */,
				02B38534A891BD09070C5CD811ABE016 /* AppInfoViewController.swift */,
				B23B9522A9FB115F9CF76D76BA69250F /* AppInfoViewController.xib */,
				00CC8718C77E2CF75339ABEF7CBF0916 /* AuthMainViewController.swift */,
				765352E411B7D2AFA207F3298B21210A /* AuthMainViewController.xib */,
				E6A2EECE2F14C42184775CED9D57369A /* CustomAlertViewController.swift */,
				DF6AADA8C82FF4F886211D6A4085799E /* CustomAlertViewController.xib */,
				6C1A02CA2B71FAA684F53F969FD874B8 /* CustomTVViewController.swift */,
				1113E3A4F25FBC3BF935B05FBC05A432 /* CustomTVViewController.xib */,
				3179F6683898BEA5FBF4ECA28BBC495C /* LoginViewController.swift */,
				4AD00A46621C1FB03BF865EFDFE96155 /* LoginViewController.xib */,
				0BA03CF630C88E0BC17F6D304EE522ED /* LottieLoadingAnimationViewController.swift */,
				773B8139F7C0D6E4C8C33DFEE9DF3185 /* LottieLoadingAnimationViewController.xib */,
				FFF63AF0FCBC6FC77EA9053EC2F53B76 /* OnboardingViewController.swift */,
				92766268739198EC98469CAB9D8D38C4 /* ResetPasswordViewController.swift */,
				5E09EDEED92EC5B5FF5B1F03A2EBE7D5 /* ResetPasswordViewController.xib */,
				10C83E81FEA89B999E1C11809FD30DD7 /* SettingsViewController.swift */,
				9B811F4563436AAF561A36DCAD6DB90C /* SettingsViewController.xib */,
				B855AE6EF1E7EFFF5D69AAEFD87B782E /* SignUpViewController.swift */,
				FDEF18ED09B03EB0A3F890BCE0E6404D /* SignUpViewController.xib */,
				2CD074C9A23EB8F6A04F87A1625757A3 /* SwapTaskViewController.swift */,
				4D2E94E4AF08E6E60C5A2F5D9ECB14B5 /* SwapTaskViewController.xib */,
				3FDB48C397816DD0B6F64D8094C4F998 /* TasksViewController.swift */,
				EF34D6ABB8773A446D742B43F71057D6 /* TasksViewController.xib */,
			);
			path = Controller;
			sourceTree = "<group>";
		};
		8C2E77A8F553784D7D6969FA69DF602F /* Frameworks */ = {
			isa = PBXGroup;
			children = (
				A78A730E25C124970096F88D /* StoreKit.framework */,
				29BF5690C72857759689B64203819FE0 /* Pods_LittleThings.framework */,
				A77BDD8325BF509100F95C84 /* WidgetKit.framework */,
				A77BDD8525BF509100F95C84 /* SwiftUI.framework */,
			);
			name = Frameworks;
			sourceTree = "<group>";
		};
		90A0A2FA860AC74B09823904FD27D06D /* Products */ = {
			isa = PBXGroup;
			children = (
				AB8404F0305379EA3B170AEC148118DB /* LittleThings.app */,
			);
			name = Products;
			sourceTree = "<group>";
		};
		A0F4CDC0D01226D11C24878B6ECD149D /* Support */ = {
			isa = PBXGroup;
			children = (
				3DC09C83AABFC57510F783EDF22FC547 /* Lottie Animations */,
				38702047185B75B2481D6D0CC744EEF0 /* AppDelegate.swift */,
				7E19BA7E0E4AA10F9133B8BE0447254C /* Assets.xcassets */,
				D924816919B03B8516BA876DEA1E4534 /* GoogleService-Info.plist */,
				C34F2F9DD900D289F114DA2DD0293D91 /* Localizable.strings */,
			);
			path = Support;
			sourceTree = "<group>";
		};
		A77BDE7B25BFBE2D00F95C84 /* Alt Icons */ = {
			isa = PBXGroup;
			children = (
				A78A72FC25C0AE8D0096F88D /* BW135 */,
				A78A72F425C0ADE20096F88D /* RainbowHeart */,
				A78A72EC25C0AD930096F88D /* BlackCheckmark */,
				A77BDE7C25BFBE4700F95C84 /* CNYIcon */,
				A77BDE7D25BFBE5800F95C84 /* Rainbow */,
			);
			path = "Alt Icons";
			sourceTree = "<group>";
		};
		A77BDE7C25BFBE4700F95C84 /* CNYIcon */ = {
			isa = PBXGroup;
			children = (
				A78A730525C0B3F20096F88D /* cny@2x.png */,
				A78A730A25C0B4060096F88D /* cny@3x.png */,
			);
			path = CNYIcon;
			sourceTree = "<group>";
		};
		A77BDE7D25BFBE5800F95C84 /* Rainbow */ = {
			isa = PBXGroup;
			children = (
				A77BDE9625BFD88C00F95C84 /* rainbow@1x.png */,
				A77BDE9925BFD8A000F95C84 /* rainbow@2x.png */,
				A77BDE9225BFD85F00F95C84 /* rainbow@3x.png */,
			);
			path = Rainbow;
			sourceTree = "<group>";
		};
		A78A72EC25C0AD930096F88D /* BlackCheckmark */ = {
			isa = PBXGroup;
			children = (
				A78A72ED25C0ADAD0096F88D /* blackCheck@1x.png */,
				A78A72EE25C0ADAE0096F88D /* blackCheck@2x.png */,
				A78A72EF25C0ADAE0096F88D /* blackCheck@3x.png */,
			);
			path = BlackCheckmark;
			sourceTree = "<group>";
		};
		A78A72F425C0ADE20096F88D /* RainbowHeart */ = {
			isa = PBXGroup;
			children = (
				A78A72F725C0AE270096F88D /* rainbowHeart@1x.png */,
				A78A72F525C0AE260096F88D /* rainbowHeart@2x.png */,
				A78A72F625C0AE260096F88D /* rainbowHeart@3x.png */,
			);
			path = RainbowHeart;
			sourceTree = "<group>";
		};
		A78A72FC25C0AE8D0096F88D /* BW135 */ = {
			isa = PBXGroup;
			children = (
				A78A72FE25C0AEA50096F88D /* bw@1x.png */,
				A78A72FD25C0AEA50096F88D /* bw@2x.png */,
				A78A72FF25C0AEA60096F88D /* bw@3x.png */,
			);
			path = BW135;
			sourceTree = "<group>";
		};
		BF853BF68A4E6A9CFA65D0133A16C50D /* View */ = {
			isa = PBXGroup;
			children = (
				3370E8C9A5249C1D37A3243E48C3A4D5 /* DoneTaskTableViewCell.swift */,
				ED2EEAEF9BF1E5F08BC39FE53D9D9D78 /* DoneTaskTableViewCell.xib */,
				4CAB7FA9A368C065029BE298C65D1699 /* OngoingTaskTableViewCell.swift */,
				9E944DD7946EBD7BCFFC82112503AA55 /* OngoingTaskTableViewCell.xib */,
			);
			path = View;
			sourceTree = "<group>";
		};
		C385DC642F9CF677CB907512C7D90B13 /* Model */ = {
			isa = PBXGroup;
			children = (
				66860FB63222CE2A86C2572CD6185B20 /* AuthenticationViewModel.swift */,
				BD6687F32C2A6311B2DC877C9656BD47 /* DataSource.swift */,
				922715E80626AFB31927C52E0654D259 /* MenuSection.swift */,
				92480C4B4427450707C6D8D4EFDDB669 /* OnboardingViewModel.swift */,
				4E6B70E33A1CE6785ECF551626ECE501 /* SettingsOption.swift */,
				83C2943BA0AC531FCD22A7100DBBFB1F /* Task.swift */,
				A77CE26C25BE50D400E5AA9D /* Quote.swift */,
				D575646B44C03FFCD1D03E3D1E38F2F8 /* TaskType.swift */,
				692C252AB51F1FAD42F8489CBDE07DA8 /* User.swift */,
				A7B6782125E4583700B69BEB /* IAPProduct.swift */,
			);
			path = Model;
			sourceTree = "<group>";
		};
		D65AEEEDEEB6AD3AF0A6FFB855537277 = {
			isa = PBXGroup;
			children = (
				8C2E77A8F553784D7D6969FA69DF602F /* Frameworks */,
				280DCAF482B15011F1B48ED497F7C145 /* LittleThings */,
				5060B6E30EA7F507D8E3A5176658EBBC /* Pods */,
				90A0A2FA860AC74B09823904FD27D06D /* Products */,
			);
			sourceTree = "<group>";
		};
/* End PBXGroup section */

/* Begin PBXNativeTarget section */
		0CB6250624B65253C460AE33AA567B46 /* LittleThings */ = {
			isa = PBXNativeTarget;
			buildConfigurationList = 1AD43B932605972B79B87106CD8C840F /* Build configuration list for PBXNativeTarget "LittleThings" */;
			buildPhases = (
				D4B52CD2C16381B413846BA471D19901 /* [CP] Check Pods Manifest.lock */,
				2BD9EECDA708CCB022F07A4EEC2F3946 /* Sources */,
				9B6402B9DA5B2C3843ACB204E2FE2EC5 /* Frameworks */,
				5422E69C58A2DC8B5E78CA197C933D6A /* Resources */,
				CDE934D0135655E06BE8F67B22F9EDD4 /* [CP] Embed Pods Frameworks */,
				04853F150D7E110D9EDF7F8D4AEAC6C4 /* [CP] Copy Pods Resources */,
				3D62AD6F79DDE27154780F9B0D45C7FA /* Crashlytics */,
				923749A4D7581C8A5EED541228D01C91 /* Build Number Updater */,
				A77BDD9325BF509200F95C84 /* Embed App Extensions */,
			);
			buildRules = (
			);
			dependencies = (
			);
			name = LittleThings;
			productName = "One Three Five";
			productReference = AB8404F0305379EA3B170AEC148118DB /* LittleThings.app */;
			productType = "com.apple.product-type.application";
		};
/* End PBXNativeTarget section */

/* Begin PBXProject section */
		BD6202015924DD9F9CD817F5FDEBB306 /* Project object */ = {
			isa = PBXProject;
			attributes = {
				LastSwiftUpdateCheck = 1230;
				LastUpgradeCheck = 1200;
				TargetAttributes = {
					0CB6250624B65253C460AE33AA567B46 = {
						CreatedOnToolsVersion = 12.0;
					};
				};
			};
			buildConfigurationList = 72B4B7CC9B76C8412B7036CB9652F1DB /* Build configuration list for PBXProject "LittleThings" */;
			compatibilityVersion = "Xcode 9.3";
			developmentRegion = en;
			hasScannedForEncodings = 0;
			knownRegions = (
				en,
				Base,
				"es-419",
			);
			mainGroup = D65AEEEDEEB6AD3AF0A6FFB855537277;
			productRefGroup = 90A0A2FA860AC74B09823904FD27D06D /* Products */;
			projectDirPath = "";
			projectRoot = "";
			targets = (
				0CB6250624B65253C460AE33AA567B46 /* LittleThings */,
			);
		};
/* End PBXProject section */

/* Begin PBXResourcesBuildPhase section */
		5422E69C58A2DC8B5E78CA197C933D6A /* Resources */ = {
			isa = PBXResourcesBuildPhase;
			buildActionMask = 2147483647;
			files = (
				ABBACFEFC73833C2E81A412E5B73D855 /* AboutUSViewController.xib in Resources */,
				FE664C5054E6107E3CA9178E8107CE2C /* AddNewTaskViewController.xib in Resources */,
				33B4A436AACC56AF27DC53741E0D7F13 /* AppInfoViewController.xib in Resources */,
				A78A72F225C0ADAE0096F88D /* blackCheck@3x.png in Resources */,
				3F0399E693DD99F80AC34B754457FDC9 /* Assets.xcassets in Resources */,
				FE7524478A3335F2EBD8C86C6B410DF5 /* AuthMainViewController.xib in Resources */,
				A78A730125C0AEA60096F88D /* bw@1x.png in Resources */,
				CE1D3A7657A2E7B8F27E7637761C1F64 /* CustomAlertViewController.xib in Resources */,
				19168105B821E5C4952F07F231082AB7 /* CustomTVViewController.xib in Resources */,
				A78A730225C0AEA60096F88D /* bw@3x.png in Resources */,
				D1842E947C3B1413BD499D4B1D3A6F92 /* DoneTaskTableViewCell.xib in Resources */,
				37B0851EE0ACD2AD9192FCE12ACBC570 /* GoogleService-Info.plist in Resources */,
				BCAF1A0247BD145923EE3798F1BD6DAA /* LaunchScreen.storyboard in Resources */,
				A78A72F825C0AE270096F88D /* rainbowHeart@2x.png in Resources */,
				A77BDE9325BFD85F00F95C84 /* rainbow@3x.png in Resources */,
				05EAE5858835B067CCED2A21885EB0CB /* Localizable.strings in Resources */,
				753B952500C69277CE52FECFF6CC17E1 /* LoginViewController.xib in Resources */,
				A78A72FA25C0AE270096F88D /* rainbowHeart@1x.png in Resources */,
				EBC4ACA5B958AF381E2B5F3C9D89BA0A /* LottieLoadingAnimationViewController.xib in Resources */,
				A77BDE9725BFD88C00F95C84 /* rainbow@1x.png in Resources */,
				5646FFA46A210192DF067F43B6021758 /* Main.storyboard in Resources */,
				0ED6BD742A61911FC7782840568437F9 /* OngoingTaskTableViewCell.xib in Resources */,
				5B76CBF98BFC54DEF905D1BB963C5250 /* Podfile in Resources */,
				3E1CE037CDC5453ABC7C72A5E07A47AA /* ResetPasswordViewController.xib in Resources */,
				A78A72F025C0ADAE0096F88D /* blackCheck@1x.png in Resources */,
				86CE91CF6E2F3D0777B3DC5E7401B255 /* SettingsViewController.xib in Resources */,
				63FB93E25019C992D82159770CBB0B70 /* SignUpViewController.xib in Resources */,
				A78A730B25C0B4060096F88D /* cny@3x.png in Resources */,
				A78A730625C0B3F20096F88D /* cny@2x.png in Resources */,
				A78A72F925C0AE270096F88D /* rainbowHeart@3x.png in Resources */,
				EAF4DF69252369890B8A872867BF8E3A /* SwapTaskViewController.xib in Resources */,
				A77BDE9A25BFD8A000F95C84 /* rainbow@2x.png in Resources */,
				A78A72F125C0ADAE0096F88D /* blackCheck@2x.png in Resources */,
				A78A730025C0AEA60096F88D /* bw@2x.png in Resources */,
				983D2FD424429AD16D0401CB27641BF3 /* TasksViewController.xib in Resources */,
				8C93329E59EBA24D5D0F277D397F6171 /* notepad.json in Resources */,
			);
			runOnlyForDeploymentPostprocessing = 0;
		};
/* End PBXResourcesBuildPhase section */

/* Begin PBXShellScriptBuildPhase section */
		04853F150D7E110D9EDF7F8D4AEAC6C4 /* [CP] Copy Pods Resources */ = {
			isa = PBXShellScriptBuildPhase;
			buildActionMask = 2147483647;
			files = (
			);
			inputFileListPaths = (
				"${PODS_ROOT}/Target Support Files/Pods-LittleThings/Pods-LittleThings-resources-${CONFIGURATION}-input-files.xcfilelist",
			);
			name = "[CP] Copy Pods Resources";
			outputFileListPaths = (
				"${PODS_ROOT}/Target Support Files/Pods-LittleThings/Pods-LittleThings-resources-${CONFIGURATION}-output-files.xcfilelist",
			);
			runOnlyForDeploymentPostprocessing = 0;
			shellPath = /bin/sh;
			shellScript = "\"${PODS_ROOT}/Target Support Files/Pods-LittleThings/Pods-LittleThings-resources.sh\"\n";
			showEnvVarsInLog = 0;
		};
		3D62AD6F79DDE27154780F9B0D45C7FA /* Crashlytics */ = {
			isa = PBXShellScriptBuildPhase;
			buildActionMask = 2147483647;
			files = (
			);
			inputFileListPaths = (
			);
			inputPaths = (
				"${DWARF_DSYM_FOLDER_PATH}/${DWARF_DSYM_FILE_NAME}/Contents/Resources/DWARF/${TARGET_NAME}",
				"$(SRCROOT)/$(BUILT_PRODUCTS_DIR)/$(INFOPLIST_PATH)",
			);
			name = Crashlytics;
			outputFileListPaths = (
			);
			outputPaths = (
			);
			runOnlyForDeploymentPostprocessing = 0;
			shellPath = /bin/sh;
			shellScript = "# Type a script or drag a script file from your workspace to insert its path.\n\"${PODS_ROOT}/FirebaseCrashlytics/run\"\n";
		};
		923749A4D7581C8A5EED541228D01C91 /* Build Number Updater */ = {
			isa = PBXShellScriptBuildPhase;
			buildActionMask = 2147483647;
			files = (
			);
			inputFileListPaths = (
			);
			inputPaths = (
			);
			name = "Build Number Updater";
			outputFileListPaths = (
			);
			outputPaths = (
			);
			runOnlyForDeploymentPostprocessing = 0;
			shellPath = /bin/sh;
			shellScript = "buildNumber=$(/usr/libexec/PlistBuddy -c \"Print CFBundleVersion\" \"${INFOPLIST_FILE}\")\nbuildNumber=$(($buildNumber + 1))\n/usr/libexec/PlistBuddy -c \"Set :CFBundleVersion $buildNumber\" \"${INFOPLIST_FILE}\"\n";
		};
		CDE934D0135655E06BE8F67B22F9EDD4 /* [CP] Embed Pods Frameworks */ = {
			isa = PBXShellScriptBuildPhase;
			buildActionMask = 2147483647;
			files = (
			);
			inputFileListPaths = (
				"${PODS_ROOT}/Target Support Files/Pods-LittleThings/Pods-LittleThings-frameworks-${CONFIGURATION}-input-files.xcfilelist",
			);
			name = "[CP] Embed Pods Frameworks";
			outputFileListPaths = (
				"${PODS_ROOT}/Target Support Files/Pods-LittleThings/Pods-LittleThings-frameworks-${CONFIGURATION}-output-files.xcfilelist",
			);
			runOnlyForDeploymentPostprocessing = 0;
			shellPath = /bin/sh;
			shellScript = "\"${PODS_ROOT}/Target Support Files/Pods-LittleThings/Pods-LittleThings-frameworks.sh\"\n";
			showEnvVarsInLog = 0;
		};
		D4B52CD2C16381B413846BA471D19901 /* [CP] Check Pods Manifest.lock */ = {
			isa = PBXShellScriptBuildPhase;
			buildActionMask = 2147483647;
			files = (
			);
			inputFileListPaths = (
			);
			inputPaths = (
				"${PODS_PODFILE_DIR_PATH}/Podfile.lock",
				"${PODS_ROOT}/Manifest.lock",
			);
			name = "[CP] Check Pods Manifest.lock";
			outputFileListPaths = (
			);
			outputPaths = (
				"$(DERIVED_FILE_DIR)/Pods-LittleThings-checkManifestLockResult.txt",
			);
			runOnlyForDeploymentPostprocessing = 0;
			shellPath = /bin/sh;
			shellScript = "diff \"${PODS_PODFILE_DIR_PATH}/Podfile.lock\" \"${PODS_ROOT}/Manifest.lock\" > /dev/null\nif [ $? != 0 ] ; then\n    # print error to STDERR\n    echo \"error: The sandbox is not in sync with the Podfile.lock. Run 'pod install' or update your CocoaPods installation.\" >&2\n    exit 1\nfi\n# This output is used by Xcode 'outputs' to avoid re-running this script phase.\necho \"SUCCESS\" > \"${SCRIPT_OUTPUT_FILE_0}\"\n";
			showEnvVarsInLog = 0;
		};
/* End PBXShellScriptBuildPhase section */

/* Begin PBXSourcesBuildPhase section */
		2BD9EECDA708CCB022F07A4EEC2F3946 /* Sources */ = {
			isa = PBXSourcesBuildPhase;
			buildActionMask = 2147483647;
			files = (
				F2FDC5E6E63234FB4F8D6402C9BC4120 /* AboutUSViewController.swift in Sources */,
				A7C3B36925D2467100D0D1B4 /* Ext+UserDefaults.swift in Sources */,
				8EA814B7E69FABB285E22F260D70755B /* AddNewTaskViewController.swift in Sources */,
				0063A31FC24880D8B84B38639949294D /* AnimatableExt.swift in Sources */,
				B85FC1791307541708597EDE52EDD42E /* AppDelegate.swift in Sources */,
				E8902B52C81563616D0F98ADC7BB65A9 /* AppInfoViewController.swift in Sources */,
				A7B6781F25E4556A00B69BEB /* PurchaseManager.swift in Sources */,
				A3A216BFBFF0CF06CBDE8E97AD0C8007 /* AuthMainViewController.swift in Sources */,
				C2AF712050EC0F998CFA11213F1213C0 /* AuthManager.swift in Sources */,
				114D30360119DA71E0D2668854970EC7 /* AuthenticationViewModel.swift in Sources */,
				2B47A4E5F4C3DE489521D361F12B4859 /* Constant.swift in Sources */,
				0B3B2D57925663DD327085C4CCEEA2B8 /* CustomAlertViewController.swift in Sources */,
				06438354AD1632DD93B979C4FA5E0714 /* CustomTVViewController.swift in Sources */,
				EF168208BCE89336FBEBDDD011A17C04 /* DataSource.swift in Sources */,
				4250303DB9F5D1583B0108CF0030B681 /* DatabaseManager.swift in Sources */,
				42AE5890E9FB0699262375653AE706FD /* DoneTaskTableViewCell.swift in Sources */,
				ACA53A537373B1A38964B29A63DB07F2 /* Ext+CATransition.swift in Sources */,
				BC6F882B63D62AD572AD0C934A2614FB /* Ext+Date.swift in Sources */,
				4AB3634579884CE1AEB04BE7F12CC0AF /* Ext+String.swift in Sources */,
				7B90BC457C0E897A5552258C54433CD2 /* Ext+UIAlertController.swift in Sources */,
				D03981F35EBD0E9C741E1E6F529331CC /* Ext+UIView.swift in Sources */,
				7DA41D5DC70E8E89E9FA769CC0CD8D54 /* Ext+UIViewController.swift in Sources */,
				833EBE24E3F0D83F113B8DDEC21F11A9 /* LoginViewController.swift in Sources */,
				4F2E8239610DF044E1A04E479F6BF766 /* LottieLoadingAnimationViewController.swift in Sources */,
				A78A72DD25C098C60096F88D /* AppIconManager.swift in Sources */,
				8120223406A03D8D2A6F7ADB9C1C54B0 /* MenuSection.swift in Sources */,
				97408D01D025AA3A893F9BFD5A27F58C /* NotificationsManager.swift in Sources */,
				2E7574E53A9BFD98186C6C4B5B811A90 /* OnboardingViewController.swift in Sources */,
				5FCC7C07CDFD365A43D688521825ADA8 /* OnboardingViewModel.swift in Sources */,
				EE91C355D858E1CE825B80483230B692 /* OngoingTaskTableViewCell.swift in Sources */,
				781BA5FF512B33A8420555068EC1144A /* ResetPasswordViewController.swift in Sources */,
				88C3E5106B1E744A44132FC5B8DD273D /* SettingsOption.swift in Sources */,
				AC2431D3AEA617788F553CCF9E973CC6 /* SettingsViewController.swift in Sources */,
				D52A7384E82636A14D0A48DAD85D9F1E /* SignUpViewController.swift in Sources */,
				4F9521B0496C5B0A05E9EDC720AD1B9F /* SwapTaskViewController.swift in Sources */,
				E22A2A7A7A6EFF8BC8BE4E40B68EEC67 /* Task.swift in Sources */,
				07CDD0BDC9AC1362F272BFC01A6DA4FF /* TaskManager.swift in Sources */,
				994D70FEE1336034041E83030DEBDC43 /* TaskType.swift in Sources */,
				A77CE26D25BE50D400E5AA9D /* Quote.swift in Sources */,
				22296F4C3E89F07CE473E2ECA2E53411 /* Taskable.swift in Sources */,
				1A881C8303262778A0563E65E116A0E1 /* TasksViewController.swift in Sources */,
				B07CA68EFF452B7FCF1A5B47C27AC457 /* Ext+UITableView.swift in Sources */,
				A7B6782225E4583700B69BEB /* IAPProduct.swift in Sources */,
				2A5C5D89C181CBB2E630BEF593A62BC2 /* UpdatesTracker.swift in Sources */,
				87EF1DF95C587D0D40AF10026011A8DA /* User.swift in Sources */,
			);
			runOnlyForDeploymentPostprocessing = 0;
		};
/* End PBXSourcesBuildPhase section */

/* Begin PBXVariantGroup section */
		3C1FEB7C9210509D10BC2AC862DC7A9D /* Main.storyboard */ = {
			isa = PBXVariantGroup;
			children = (
				40417B66C4BCEEB2D970C0CF24397A2F /* Base */,
				AC852930655E34D0179B4900A85E9E8B /* es-419 */,
			);
			name = Main.storyboard;
			sourceTree = "<group>";
		};
		C34F2F9DD900D289F114DA2DD0293D91 /* Localizable.strings */ = {
			isa = PBXVariantGroup;
			children = (
				F3CF23246DEEB59EABEE26FC657027A5 /* en */,
				29F50608F799CA8B1DF933269AD8DDF5 /* es-419 */,
			);
			name = Localizable.strings;
			sourceTree = "<group>";
		};
		D55A8C5607D4C007D3B91CAED333D226 /* LaunchScreen.storyboard */ = {
			isa = PBXVariantGroup;
			children = (
				353DBC7C8D8FF3F9A81F821F743DCC4B /* Base */,
				4BE777B35900155371B73D1313E6F608 /* es-419 */,
			);
			name = LaunchScreen.storyboard;
			sourceTree = "<group>";
		};
/* End PBXVariantGroup section */

/* Begin XCBuildConfiguration section */
		4390E087824C5EB577BBEE24BC174B84 /* Release */ = {
			isa = XCBuildConfiguration;
			baseConfigurationReference = D271BA88870B51F2229C175B5C947E61 /* Pods-LittleThings.release.xcconfig */;
			buildSettings = {
				ALWAYS_EMBED_SWIFT_STANDARD_LIBRARIES = YES;
				ASSETCATALOG_COMPILER_APPICON_NAME = AppIcon;
				ASSETCATALOG_COMPILER_GLOBAL_ACCENT_COLOR_NAME = AccentColor;
				CODE_SIGN_ENTITLEMENTS = LittleThings/LittleThings.entitlements;
				CODE_SIGN_STYLE = Automatic;
				DEVELOPMENT_TEAM = 9G2243U9KY;
				INFOPLIST_FILE = LittleThings/Info.plist;
				IPHONEOS_DEPLOYMENT_TARGET = 14.2;
				LD_RUNPATH_SEARCH_PATHS = (
					"$(inherited)",
					"@executable_path/Frameworks",
				);
				MARKETING_VERSION = 1.3;
				PRODUCT_BUNDLE_IDENTIFIER = TeeksCode.LittleThings;
				PRODUCT_NAME = "$(TARGET_NAME)";
				SWIFT_VERSION = 5.0;
				TARGETED_DEVICE_FAMILY = 1;
			};
			name = Release;
		};
		AB6F05185F6DDF1C1F0D4628A120E054 /* Debug */ = {
			isa = XCBuildConfiguration;
			baseConfigurationReference = DCFE7161D12D4D3BAB3920D2821EB365 /* Pods-LittleThings.debug.xcconfig */;
			buildSettings = {
				ALWAYS_EMBED_SWIFT_STANDARD_LIBRARIES = YES;
				ASSETCATALOG_COMPILER_APPICON_NAME = AppIcon;
				ASSETCATALOG_COMPILER_GLOBAL_ACCENT_COLOR_NAME = AccentColor;
				CODE_SIGN_ENTITLEMENTS = LittleThings/LittleThings.entitlements;
				CODE_SIGN_STYLE = Automatic;
				DEVELOPMENT_TEAM = 9G2243U9KY;
				INFOPLIST_FILE = LittleThings/Info.plist;
				IPHONEOS_DEPLOYMENT_TARGET = 14.2;
				LD_RUNPATH_SEARCH_PATHS = (
					"$(inherited)",
					"@executable_path/Frameworks",
				);
				MARKETING_VERSION = 1.3;
				PRODUCT_BUNDLE_IDENTIFIER = TeeksCode.LittleThings;
				PRODUCT_NAME = "$(TARGET_NAME)";
				SWIFT_VERSION = 5.0;
				TARGETED_DEVICE_FAMILY = 1;
			};
			name = Debug;
		};
		B134D3B489A2A8AB4E465E2E8831AA2C /* Release */ = {
			isa = XCBuildConfiguration;
			buildSettings = {
				ALWAYS_SEARCH_USER_PATHS = NO;
				CLANG_ANALYZER_LOCALIZABILITY_NONLOCALIZED = YES;
				CLANG_ANALYZER_NONNULL = YES;
				CLANG_ANALYZER_NUMBER_OBJECT_CONVERSION = YES_AGGRESSIVE;
				CLANG_CXX_LANGUAGE_STANDARD = "gnu++14";
				CLANG_CXX_LIBRARY = "libc++";
				CLANG_ENABLE_MODULES = YES;
				CLANG_ENABLE_OBJC_ARC = YES;
				CLANG_ENABLE_OBJC_WEAK = YES;
				CLANG_WARN_BLOCK_CAPTURE_AUTORELEASING = YES;
				CLANG_WARN_BOOL_CONVERSION = YES;
				CLANG_WARN_COMMA = YES;
				CLANG_WARN_CONSTANT_CONVERSION = YES;
				CLANG_WARN_DEPRECATED_OBJC_IMPLEMENTATIONS = YES;
				CLANG_WARN_DIRECT_OBJC_ISA_USAGE = YES_ERROR;
				CLANG_WARN_DOCUMENTATION_COMMENTS = YES;
				CLANG_WARN_EMPTY_BODY = YES;
				CLANG_WARN_ENUM_CONVERSION = YES;
				CLANG_WARN_INFINITE_RECURSION = YES;
				CLANG_WARN_INT_CONVERSION = YES;
				CLANG_WARN_NON_LITERAL_NULL_CONVERSION = YES;
				CLANG_WARN_OBJC_IMPLICIT_RETAIN_SELF = YES;
				CLANG_WARN_OBJC_LITERAL_CONVERSION = YES;
				CLANG_WARN_OBJC_ROOT_CLASS = YES_ERROR;
				CLANG_WARN_QUOTED_INCLUDE_IN_FRAMEWORK_HEADER = YES;
				CLANG_WARN_RANGE_LOOP_ANALYSIS = YES;
				CLANG_WARN_STRICT_PROTOTYPES = YES;
				CLANG_WARN_SUSPICIOUS_MOVE = YES;
				CLANG_WARN_UNGUARDED_AVAILABILITY = YES_AGGRESSIVE;
				CLANG_WARN_UNREACHABLE_CODE = YES;
				CLANG_WARN__DUPLICATE_METHOD_MATCH = YES;
				COPY_PHASE_STRIP = NO;
				DEBUG_INFORMATION_FORMAT = "dwarf-with-dsym";
				ENABLE_NS_ASSERTIONS = NO;
				ENABLE_STRICT_OBJC_MSGSEND = YES;
				GCC_C_LANGUAGE_STANDARD = gnu11;
				GCC_NO_COMMON_BLOCKS = YES;
				GCC_WARN_64_TO_32_BIT_CONVERSION = YES;
				GCC_WARN_ABOUT_RETURN_TYPE = YES_ERROR;
				GCC_WARN_UNDECLARED_SELECTOR = YES;
				GCC_WARN_UNINITIALIZED_AUTOS = YES_AGGRESSIVE;
				GCC_WARN_UNUSED_FUNCTION = YES;
				GCC_WARN_UNUSED_VARIABLE = YES;
				IPHONEOS_DEPLOYMENT_TARGET = 14.0;
				MTL_ENABLE_DEBUG_INFO = NO;
				MTL_FAST_MATH = YES;
				PRODUCT_NAME = LittleThings;
				SDKROOT = iphoneos;
				SWIFT_COMPILATION_MODE = wholemodule;
				SWIFT_OPTIMIZATION_LEVEL = "-O";
				VALIDATE_PRODUCT = YES;
			};
			name = Release;
		};
		F1B4CB0F33B93A904183286F79023533 /* Debug */ = {
			isa = XCBuildConfiguration;
			buildSettings = {
				ALWAYS_SEARCH_USER_PATHS = NO;
				CLANG_ANALYZER_LOCALIZABILITY_NONLOCALIZED = YES;
				CLANG_ANALYZER_NONNULL = YES;
				CLANG_ANALYZER_NUMBER_OBJECT_CONVERSION = YES_AGGRESSIVE;
				CLANG_CXX_LANGUAGE_STANDARD = "gnu++14";
				CLANG_CXX_LIBRARY = "libc++";
				CLANG_ENABLE_MODULES = YES;
				CLANG_ENABLE_OBJC_ARC = YES;
				CLANG_ENABLE_OBJC_WEAK = YES;
				CLANG_WARN_BLOCK_CAPTURE_AUTORELEASING = YES;
				CLANG_WARN_BOOL_CONVERSION = YES;
				CLANG_WARN_COMMA = YES;
				CLANG_WARN_CONSTANT_CONVERSION = YES;
				CLANG_WARN_DEPRECATED_OBJC_IMPLEMENTATIONS = YES;
				CLANG_WARN_DIRECT_OBJC_ISA_USAGE = YES_ERROR;
				CLANG_WARN_DOCUMENTATION_COMMENTS = YES;
				CLANG_WARN_EMPTY_BODY = YES;
				CLANG_WARN_ENUM_CONVERSION = YES;
				CLANG_WARN_INFINITE_RECURSION = YES;
				CLANG_WARN_INT_CONVERSION = YES;
				CLANG_WARN_NON_LITERAL_NULL_CONVERSION = YES;
				CLANG_WARN_OBJC_IMPLICIT_RETAIN_SELF = YES;
				CLANG_WARN_OBJC_LITERAL_CONVERSION = YES;
				CLANG_WARN_OBJC_ROOT_CLASS = YES_ERROR;
				CLANG_WARN_QUOTED_INCLUDE_IN_FRAMEWORK_HEADER = YES;
				CLANG_WARN_RANGE_LOOP_ANALYSIS = YES;
				CLANG_WARN_STRICT_PROTOTYPES = YES;
				CLANG_WARN_SUSPICIOUS_MOVE = YES;
				CLANG_WARN_UNGUARDED_AVAILABILITY = YES_AGGRESSIVE;
				CLANG_WARN_UNREACHABLE_CODE = YES;
				CLANG_WARN__DUPLICATE_METHOD_MATCH = YES;
				COPY_PHASE_STRIP = NO;
				DEBUG_INFORMATION_FORMAT = dwarf;
				ENABLE_STRICT_OBJC_MSGSEND = YES;
				ENABLE_TESTABILITY = YES;
				GCC_C_LANGUAGE_STANDARD = gnu11;
				GCC_DYNAMIC_NO_PIC = NO;
				GCC_NO_COMMON_BLOCKS = YES;
				GCC_OPTIMIZATION_LEVEL = 0;
				GCC_PREPROCESSOR_DEFINITIONS = (
					"DEBUG=1",
					"$(inherited)",
				);
				GCC_WARN_64_TO_32_BIT_CONVERSION = YES;
				GCC_WARN_ABOUT_RETURN_TYPE = YES_ERROR;
				GCC_WARN_UNDECLARED_SELECTOR = YES;
				GCC_WARN_UNINITIALIZED_AUTOS = YES_AGGRESSIVE;
				GCC_WARN_UNUSED_FUNCTION = YES;
				GCC_WARN_UNUSED_VARIABLE = YES;
				IPHONEOS_DEPLOYMENT_TARGET = 14.0;
				MTL_ENABLE_DEBUG_INFO = INCLUDE_SOURCE;
				MTL_FAST_MATH = YES;
				ONLY_ACTIVE_ARCH = YES;
				PRODUCT_NAME = LittleThings;
				SDKROOT = iphoneos;
				SWIFT_ACTIVE_COMPILATION_CONDITIONS = DEBUG;
				SWIFT_OPTIMIZATION_LEVEL = "-Onone";
			};
			name = Debug;
		};
/* End XCBuildConfiguration section */

/* Begin XCConfigurationList section */
		1AD43B932605972B79B87106CD8C840F /* Build configuration list for PBXNativeTarget "LittleThings" */ = {
			isa = XCConfigurationList;
			buildConfigurations = (
				AB6F05185F6DDF1C1F0D4628A120E054 /* Debug */,
				4390E087824C5EB577BBEE24BC174B84 /* Release */,
			);
			defaultConfigurationIsVisible = 0;
			defaultConfigurationName = Release;
		};
		72B4B7CC9B76C8412B7036CB9652F1DB /* Build configuration list for PBXProject "LittleThings" */ = {
			isa = XCConfigurationList;
			buildConfigurations = (
				F1B4CB0F33B93A904183286F79023533 /* Debug */,
				B134D3B489A2A8AB4E465E2E8831AA2C /* Release */,
			);
			defaultConfigurationIsVisible = 0;
			defaultConfigurationName = Release;
		};
/* End XCConfigurationList section */
	};
	rootObject = BD6202015924DD9F9CD817F5FDEBB306 /* Project object */;
}
